
Microsoft Visual Studio Solution File, Format Version 12.00
# Visual Studio Version 17
VisualStudioVersion = 17.0.31612.314
MinimumVisualStudioVersion = 15.0.26124.0
Project("{2150E333-8FDC-42A3-9474-1A3956D46DE8}") = "src", "src", "{81EB9330-1F8F-47B1-AED4-76083FB0CDA0}"
EndProject
Project("{2150E333-8FDC-42A3-9474-1A3956D46DE8}") = "tests", "tests", "{2FA05FFD-3ECE-47CD-8881-B67B31FD939C}"
EndProject
Project("{2150E333-8FDC-42A3-9474-1A3956D46DE8}") = "Solution Items", "Solution Items", "{6ECC4976-28C4-41CE-AB7B-89AEE85A457F}"
	ProjectSection(SolutionItems) = preProject
		.editorconfig = .editorconfig
		.gitattributes = .gitattributes
		.gitignore = .gitignore
		.vsconfig = .vsconfig
		AwsLambdaTestServer.ruleset = AwsLambdaTestServer.ruleset
		AwsLambdaTestServer.snk = AwsLambdaTestServer.snk
		build.ps1 = build.ps1
		CODE_OF_CONDUCT.md = CODE_OF_CONDUCT.md
		CommonAssemblyInfo.cs = CommonAssemblyInfo.cs
		Directory.Build.props = Directory.Build.props
		Directory.Build.targets = Directory.Build.targets
		Directory.Packages.props = Directory.Packages.props
		global.json = global.json
		LICENSE = LICENSE
		NuGet.config = NuGet.config
		README.md = README.md
		stylecop.json = stylecop.json
	EndProjectSection
EndProject
Project("{9A19103F-16F7-4668-BE54-9A1E7A4F7556}") = "MartinCostello.Testing.AwsLambdaTestServer", "src\AwsLambdaTestServer\MartinCostello.Testing.AwsLambdaTestServer.csproj", "{97ECDD19-6A08-4FEE-A04D-3B229DA11FB3}"
EndProject
Project("{9A19103F-16F7-4668-BE54-9A1E7A4F7556}") = "MartinCostello.Testing.AwsLambdaTestServer.Tests", "tests\AwsLambdaTestServer.Tests\MartinCostello.Testing.AwsLambdaTestServer.Tests.csproj", "{12E0A76C-9D8C-4EC6-B79F-DD6EA32A0F36}"
EndProject
Project("{2150E333-8FDC-42A3-9474-1A3956D46DE8}") = ".github", ".github", "{331A4CDC-50D5-498B-AD21-3F6D60DBC4D1}"
	ProjectSection(SolutionItems) = preProject
		.github\CONTRIBUTING.md = .github\CONTRIBUTING.md
		.github\ISSUE_TEMPLATE.md = .github\ISSUE_TEMPLATE.md
		.github\PULL_REQUEST_TEMPLATE.md = .github\PULL_REQUEST_TEMPLATE.md
		.github\stale.yml = .github\stale.yml
	EndProjectSection
EndProject
Project("{2150E333-8FDC-42A3-9474-1A3956D46DE8}") = "ISSUE_TEMPLATE", "ISSUE_TEMPLATE", "{38FF4157-8C77-46BE-8A3A-0E6B924EA885}"
	ProjectSection(SolutionItems) = preProject
		.github\ISSUE_TEMPLATE\bug_report.md = .github\ISSUE_TEMPLATE\bug_report.md
		.github\ISSUE_TEMPLATE\feature_request.md = .github\ISSUE_TEMPLATE\feature_request.md
	EndProjectSection
EndProject
Project("{2150E333-8FDC-42A3-9474-1A3956D46DE8}") = ".vscode", ".vscode", "{38C306DF-0EC8-4D09-99D1-F3D89986AB0F}"
	ProjectSection(SolutionItems) = preProject
		.vscode\extensions.json = .vscode\extensions.json
		.vscode\launch.json = .vscode\launch.json
		.vscode\tasks.json = .vscode\tasks.json
	EndProjectSection
EndProject
Project("{2150E333-8FDC-42A3-9474-1A3956D46DE8}") = "samples", "samples", "{93C9B9F8-CDE1-4E8D-BBFD-D2EFEC0F209A}"
EndProject
Project("{9A19103F-16F7-4668-BE54-9A1E7A4F7556}") = "MathsFunctions", "samples\MathsFunctions\MathsFunctions.csproj", "{50943DAF-B42F-433E-A60B-32DD432A803C}"
EndProject
Project("{9A19103F-16F7-4668-BE54-9A1E7A4F7556}") = "MathsFunctions.Tests", "samples\MathsFunctions.Tests\MathsFunctions.Tests.csproj", "{AAEB2F8D-2B12-4253-801D-F19CBA89C905}"
EndProject
Project("{2150E333-8FDC-42A3-9474-1A3956D46DE8}") = "workflows", "workflows", "{63888346-CEF4-442A-84BB-A07EA5E02FCC}"
	ProjectSection(SolutionItems) = preProject
		.github\workflows\build.yml = .github\workflows\build.yml
		.github\workflows\update-dotnet-sdk.yml = .github\workflows\update-dotnet-sdk.yml
	EndProjectSection
EndProject
Project("{FAE04EC0-301F-11D3-BF4B-00C04F79EFBC}") = "MinimalApi", "samples\MinimalApi\MinimalApi.csproj", "{D27E75B3-DAFF-485C-8D91-8ACF1190822A}"
EndProject
Project("{FAE04EC0-301F-11D3-BF4B-00C04F79EFBC}") = "MinimalApi.Tests", "samples\MinimalApi.Tests\MinimalApi.Tests.csproj", "{9D598E1A-EA93-4B4B-BC08-E6C78A10B9F4}"
EndProject
Global
	GlobalSection(SolutionConfigurationPlatforms) = preSolution
		Debug|Any CPU = Debug|Any CPU
		Release|Any CPU = Release|Any CPU
	EndGlobalSection
	GlobalSection(ProjectConfigurationPlatforms) = postSolution
		{97ECDD19-6A08-4FEE-A04D-3B229DA11FB3}.Debug|Any CPU.ActiveCfg = Debug|Any CPU
		{97ECDD19-6A08-4FEE-A04D-3B229DA11FB3}.Debug|Any CPU.Build.0 = Debug|Any CPU
		{97ECDD19-6A08-4FEE-A04D-3B229DA11FB3}.Release|Any CPU.ActiveCfg = Release|Any CPU
		{97ECDD19-6A08-4FEE-A04D-3B229DA11FB3}.Release|Any CPU.Build.0 = Release|Any CPU
		{12E0A76C-9D8C-4EC6-B79F-DD6EA32A0F36}.Debug|Any CPU.ActiveCfg = Debug|Any CPU
		{12E0A76C-9D8C-4EC6-B79F-DD6EA32A0F36}.Debug|Any CPU.Build.0 = Debug|Any CPU
		{12E0A76C-9D8C-4EC6-B79F-DD6EA32A0F36}.Release|Any CPU.ActiveCfg = Release|Any CPU
		{12E0A76C-9D8C-4EC6-B79F-DD6EA32A0F36}.Release|Any CPU.Build.0 = Release|Any CPU
		{50943DAF-B42F-433E-A60B-32DD432A803C}.Debug|Any CPU.ActiveCfg = Debug|Any CPU
		{50943DAF-B42F-433E-A60B-32DD432A803C}.Debug|Any CPU.Build.0 = Debug|Any CPU
		{50943DAF-B42F-433E-A60B-32DD432A803C}.Release|Any CPU.ActiveCfg = Release|Any CPU
		{50943DAF-B42F-433E-A60B-32DD432A803C}.Release|Any CPU.Build.0 = Release|Any CPU
		{AAEB2F8D-2B12-4253-801D-F19CBA89C905}.Debug|Any CPU.ActiveCfg = Debug|Any CPU
		{AAEB2F8D-2B12-4253-801D-F19CBA89C905}.Debug|Any CPU.Build.0 = Debug|Any CPU
		{AAEB2F8D-2B12-4253-801D-F19CBA89C905}.Release|Any CPU.ActiveCfg = Release|Any CPU
		{AAEB2F8D-2B12-4253-801D-F19CBA89C905}.Release|Any CPU.Build.0 = Release|Any CPU
		{D27E75B3-DAFF-485C-8D91-8ACF1190822A}.Debug|Any CPU.ActiveCfg = Debug|Any CPU
		{D27E75B3-DAFF-485C-8D91-8ACF1190822A}.Debug|Any CPU.Build.0 = Debug|Any CPU
		{D27E75B3-DAFF-485C-8D91-8ACF1190822A}.Release|Any CPU.ActiveCfg = Release|Any CPU
		{D27E75B3-DAFF-485C-8D91-8ACF1190822A}.Release|Any CPU.Build.0 = Release|Any CPU
		{9D598E1A-EA93-4B4B-BC08-E6C78A10B9F4}.Debug|Any CPU.ActiveCfg = Debug|Any CPU
		{9D598E1A-EA93-4B4B-BC08-E6C78A10B9F4}.Debug|Any CPU.Build.0 = Debug|Any CPU
		{9D598E1A-EA93-4B4B-BC08-E6C78A10B9F4}.Release|Any CPU.ActiveCfg = Release|Any CPU
		{9D598E1A-EA93-4B4B-BC08-E6C78A10B9F4}.Release|Any CPU.Build.0 = Release|Any CPU
	EndGlobalSection
	GlobalSection(SolutionProperties) = preSolution
		HideSolutionNode = FALSE
	EndGlobalSection
	GlobalSection(NestedProjects) = preSolution
		{97ECDD19-6A08-4FEE-A04D-3B229DA11FB3} = {81EB9330-1F8F-47B1-AED4-76083FB0CDA0}
		{12E0A76C-9D8C-4EC6-B79F-DD6EA32A0F36} = {2FA05FFD-3ECE-47CD-8881-B67B31FD939C}
		{331A4CDC-50D5-498B-AD21-3F6D60DBC4D1} = {6ECC4976-28C4-41CE-AB7B-89AEE85A457F}
		{38FF4157-8C77-46BE-8A3A-0E6B924EA885} = {331A4CDC-50D5-498B-AD21-3F6D60DBC4D1}
		{38C306DF-0EC8-4D09-99D1-F3D89986AB0F} = {6ECC4976-28C4-41CE-AB7B-89AEE85A457F}
		{50943DAF-B42F-433E-A60B-32DD432A803C} = {93C9B9F8-CDE1-4E8D-BBFD-D2EFEC0F209A}
		{AAEB2F8D-2B12-4253-801D-F19CBA89C905} = {93C9B9F8-CDE1-4E8D-BBFD-D2EFEC0F209A}
		{63888346-CEF4-442A-84BB-A07EA5E02FCC} = {331A4CDC-50D5-498B-AD21-3F6D60DBC4D1}
		{D27E75B3-DAFF-485C-8D91-8ACF1190822A} = {93C9B9F8-CDE1-4E8D-BBFD-D2EFEC0F209A}
		{9D598E1A-EA93-4B4B-BC08-E6C78A10B9F4} = {93C9B9F8-CDE1-4E8D-BBFD-D2EFEC0F209A}
	EndGlobalSection
	GlobalSection(ExtensibilityGlobals) = postSolution
		SolutionGuid = {E88F7204-A559-4B27-8795-7CFE2500F0D3}
	EndGlobalSection
EndGlobal
